
Microsoft Visual Studio Solution File, Format Version 12.00
# Visual Studio Version 17
VisualStudioVersion = 17.14.36221.1 d17.14
MinimumVisualStudioVersion = 10.0.40219.1
Project("{FAE04EC0-301F-11D3-BF4B-00C04F79EFBC}") = "Mp3ScraperGui", "Mp3ScraperGui.csproj", "{23414893-66B8-094D-9185-D2AE8FA7A86B}"
EndProject
Global
	GlobalSection(SolutionConfigurationPlatforms) = preSolution
		Debug|Any CPU = Debug|Any CPU
		Release|Any CPU = Release|Any CPU
	EndGlobalSection
	GlobalSection(ProjectConfigurationPlatforms) = postSolution
		{23414893-66B8-094D-9185-D2AE8FA7A86B}.Debug|Any CPU.ActiveCfg = Debug|Any CPU
		{23414893-66B8-094D-9185-D2AE8FA7A86B}.Debug|Any CPU.Build.0 = Debug|Any CPU
		{23414893-66B8-094D-9185-D2AE8FA7A86B}.Release|Any CPU.ActiveCfg = Release|Any CPU
		{23414893-66B8-094D-9185-D2AE8FA7A86B}.Release|Any CPU.Build.0 = Release|Any CPU
	EndGlobalSection
	GlobalSection(SolutionProperties) = preSolution
		HideSolutionNode = FALSE
	EndGlobalSection
	GlobalSection(ExtensibilityGlobals) = postSolution
		SolutionGuid = {632E3676-AF81-486A-BA6F-C8510619C12A}
	EndGlobalSection
EndGlobal
